PODS:
  - SnapKit (5.0.1)
  - SWCardView (0.1.1)

DEPENDENCIES:
  - SnapKit (~> 5.0.0)
  - SWCardView

SPEC REPOS:
  trunk:
    - SnapKit
    - SWCardView

SPEC CHECKSUMS:
  SnapKit: 97b92857e3df3a0c71833cce143274bf6ef8e5eb
  SWCardView: 78ceeb3083393a1f96eec5aaa84a5f1093bb957a

PODFILE CHECKSUM: c5f77e07688de1807e9067ef92a78f4d9b18e170

COCOAPODS: 1.11.2
