// !$*UTF8*$!
{
	archiveVersion = 1;
	classes = {
	};
	objectVersion = 46;
	objects = {

/* Begin PBXBuildFile section */
		615B4055D56129D16F69C1C0 /* QAChatViewController.swift in Sources */ = {isa = PBXBuildFile; fileRef = 615B418B5BFA9E901035A958 /* QAChatViewController.swift */; };
		615B4294512A10B3F407FA76 /* FeedViewController.swift in Sources */ = {isa = PBXBuildFile; fileRef = 615B4A453760F3F69E7D3C64 /* FeedViewController.swift */; };
		615B4314D6214273167E210B /* LikesViewController.swift in Sources */ = {isa = PBXBuildFile; fileRef = 615B486F80D376961E068B9A /* LikesViewController.swift */; };
		615B44FA4E8D1544F91D4DFC /* MainTabBarVC.swift in Sources */ = {isa = PBXBuildFile; fileRef = 615B406B53DC471C31920053 /* MainTabBarVC.swift */; };
		615B47525D5D76206E99028B /* LaunchScreen.storyboard in Resources */ = {isa = PBXBuildFile; fileRef = 615B4D0E54C883BEC742631C /* LaunchScreen.storyboard */; };
		615B4934EB020480481A7F2D /* ProfileViewController.swift in Sources */ = {isa = PBXBuildFile; fileRef = 615B44B9BA52A5F7E000471D /* ProfileViewController.swift */; };
		615B4BD49FD88041833CDCDA /* AppDelegate.swift in Sources */ = {isa = PBXBuildFile; fileRef = 615B44860CD683FDD91F3517 /* AppDelegate.swift */; };
		615B4CC305CB1C363A7AC597 /* JobsAndStydiesViewController.swift in Sources */ = {isa = PBXBuildFile; fileRef = 615B4BDDFD917E9F461DA8E7 /* JobsAndStydiesViewController.swift */; };
		615B4D72BEF66EC4A097A33F /* SceneDelegate.swift in Sources */ = {isa = PBXBuildFile; fileRef = 615B4F12A4EC368E9C06F0BE /* SceneDelegate.swift */; };
		615B4EF80BB4F85B1D0F4E74 /* Assets.xcassets in Resources */ = {isa = PBXBuildFile; fileRef = 615B4F1E1C900A14E46A3D87 /* Assets.xcassets */; };
/* End PBXBuildFile section */

/* Begin PBXFileReference section */
		615B406B53DC471C31920053 /* MainTabBarVC.swift */ = {isa = PBXFileReference; lastKnownFileType = sourcecode.swift; path = MainTabBarVC.swift; sourceTree = "<group>"; };
		615B418B5BFA9E901035A958 /* QAChatViewController.swift */ = {isa = PBXFileReference; fileEncoding = 4; lastKnownFileType = sourcecode.swift; path = QAChatViewController.swift; sourceTree = "<group>"; };
		615B43B17CFD42DECC983E3C /* Info.plist */ = {isa = PBXFileReference; fileEncoding = 4; lastKnownFileType = text.plist.info; path = Info.plist; sourceTree = "<group>"; };
		615B44860CD683FDD91F3517 /* AppDelegate.swift */ = {isa = PBXFileReference; fileEncoding = 4; lastKnownFileType = sourcecode.swift; path = AppDelegate.swift; sourceTree = "<group>"; };
		615B44B9BA52A5F7E000471D /* ProfileViewController.swift */ = {isa = PBXFileReference; fileEncoding = 4; lastKnownFileType = sourcecode.swift; path = ProfileViewController.swift; sourceTree = "<group>"; };
		615B46F00F8A0A6422F46CF0 /* Base */ = {isa = PBXFileReference; lastKnownFileType = file.storyboard; name = Base; path = Base.lproj/LaunchScreen.storyboard; sourceTree = "<group>"; };
		615B486F80D376961E068B9A /* LikesViewController.swift */ = {isa = PBXFileReference; fileEncoding = 4; lastKnownFileType = sourcecode.swift; path = LikesViewController.swift; sourceTree = "<group>"; };
		615B4A453760F3F69E7D3C64 /* FeedViewController.swift */ = {isa = PBXFileReference; fileEncoding = 4; lastKnownFileType = sourcecode.swift; path = FeedViewController.swift; sourceTree = "<group>"; };
		615B4B2C80FFB987924E44E5 /* Kolsai.app */ = {isa = PBXFileReference; explicitFileType = wrapper.application; includeInIndex = 0; path = Kolsai.app; sourceTree = BUILT_PRODUCTS_DIR; };
		615B4BDDFD917E9F461DA8E7 /* JobsAndStydiesViewController.swift */ = {isa = PBXFileReference; fileEncoding = 4; lastKnownFileType = sourcecode.swift; path = JobsAndStydiesViewController.swift; sourceTree = "<group>"; };
		615B4F12A4EC368E9C06F0BE /* SceneDelegate.swift */ = {isa = PBXFileReference; fileEncoding = 4; lastKnownFileType = sourcecode.swift; path = SceneDelegate.swift; sourceTree = "<group>"; };
		615B4F1E1C900A14E46A3D87 /* Assets.xcassets */ = {isa = PBXFileReference; lastKnownFileType = folder.assetcatalog; path = Assets.xcassets; sourceTree = "<group>"; };
/* End PBXFileReference section */

/* Begin PBXFrameworksBuildPhase section */
		615B42EB433C5F4E6D9F5E3B /* Frameworks */ = {
			isa = PBXFrameworksBuildPhase;
			buildActionMask = 2147483647;
			files = (
			);
			runOnlyForDeploymentPostprocessing = 0;
		};
/* End PBXFrameworksBuildPhase section */

/* Begin PBXGroup section */
		615B4013565C4D2C2666A4B9 /* Application */ = {
			isa = PBXGroup;
			children = (
				615B44860CD683FDD91F3517 /* AppDelegate.swift */,
				615B4F12A4EC368E9C06F0BE /* SceneDelegate.swift */,
			);
			path = Application;
			sourceTree = "<group>";
		};
		615B41E6B8D2735FFDAD41A3 /* Feed */ = {
			isa = PBXGroup;
			children = (
				615B4A453760F3F69E7D3C64 /* FeedViewController.swift */,
			);
			path = Feed;
			sourceTree = "<group>";
		};
		615B44E889D365033FCA9576 /* Scenes */ = {
			isa = PBXGroup;
			children = (
				615B406B53DC471C31920053 /* MainTabBarVC.swift */,
				615B49F7BF60ECF556C0E560 /* Likes */,
				615B4C454A67118C3BBFBD02 /* Jobs&Stydies */,
				615B4BC5A6EE94E9F2FC6BDD /* Profile */,
				615B41E6B8D2735FFDAD41A3 /* Feed */,
				615B4C96C2AE738FDB87796E /* QAChat */,
			);
			path = Scenes;
			sourceTree = "<group>";
		};
		615B4665A554B55D6A265AD6 /* Extensions */ = {
			isa = PBXGroup;
			children = (
			);
			path = Extensions;
			sourceTree = "<group>";
		};
		615B47AED387DEADE37162D9 = {
			isa = PBXGroup;
			children = (
				615B4A5DA28AE60940422F66 /* Products */,
				615B4FB3A0EBAB5C01E816BB /* Kolsai */,
			);
			sourceTree = "<group>";
		};
		615B4838538F77E52796657C /* Domain */ = {
			isa = PBXGroup;
			children = (
			);
			path = Domain;
			sourceTree = "<group>";
		};
		615B49F7BF60ECF556C0E560 /* Likes */ = {
			isa = PBXGroup;
			children = (
				615B486F80D376961E068B9A /* LikesViewController.swift */,
			);
			path = Likes;
			sourceTree = "<group>";
		};
		615B4A5DA28AE60940422F66 /* Products */ = {
			isa = PBXGroup;
			children = (
				615B4B2C80FFB987924E44E5 /* Kolsai.app */,
			);
			name = Products;
			sourceTree = "<group>";
		};
		615B4BC5A6EE94E9F2FC6BDD /* Profile */ = {
			isa = PBXGroup;
			children = (
				615B44B9BA52A5F7E000471D /* ProfileViewController.swift */,
			);
			path = Profile;
			sourceTree = "<group>";
		};
		615B4C454A67118C3BBFBD02 /* Jobs&Stydies */ = {
			isa = PBXGroup;
			children = (
				615B4BDDFD917E9F461DA8E7 /* JobsAndStydiesViewController.swift */,
			);
			path = "Jobs&Stydies";
			sourceTree = "<group>";
		};
		615B4C5AC8A21559C019029F /* Supporting Files */ = {
			isa = PBXGroup;
			children = (
				615B4F1E1C900A14E46A3D87 /* Assets.xcassets */,
				615B43B17CFD42DECC983E3C /* Info.plist */,
			);
			path = "Supporting Files";
			sourceTree = "<group>";
		};
		615B4C96C2AE738FDB87796E /* QAChat */ = {
			isa = PBXGroup;
			children = (
				615B418B5BFA9E901035A958 /* QAChatViewController.swift */,
			);
			path = QAChat;
			sourceTree = "<group>";
		};
		615B4D8CF082179566622345 /* Modules */ = {
			isa = PBXGroup;
			children = (
			);
			path = Modules;
			sourceTree = "<group>";
		};
		615B4FB3A0EBAB5C01E816BB /* Kolsai */ = {
			isa = PBXGroup;
			children = (
				615B4D0E54C883BEC742631C /* LaunchScreen.storyboard */,
				615B44E889D365033FCA9576 /* Scenes */,
				615B4C5AC8A21559C019029F /* Supporting Files */,
				615B4013565C4D2C2666A4B9 /* Application */,
				615B4665A554B55D6A265AD6 /* Extensions */,
				615B4838538F77E52796657C /* Domain */,
				615B4D8CF082179566622345 /* Modules */,
			);
			path = Kolsai;
			sourceTree = "<group>";
		};
/* End PBXGroup section */

/* Begin PBXNativeTarget section */
		615B487D562D07A6F1E67277 /* Kolsai */ = {
			isa = PBXNativeTarget;
			buildConfigurationList = 615B42B4F4862D8D825C7EA1 /* Build configuration list for PBXNativeTarget "Kolsai" */;
			buildPhases = (
				615B48DA4D55DFE050570F45 /* Sources */,
				615B42EB433C5F4E6D9F5E3B /* Frameworks */,
				615B48A9AC0895C57D66C360 /* Resources */,
			);
			buildRules = (
			);
			dependencies = (
			);
			name = Kolsai;
			productName = Kolsai;
			productReference = 615B4B2C80FFB987924E44E5 /* Kolsai.app */;
			productType = "com.apple.product-type.application";
		};
/* End PBXNativeTarget section */

/* Begin PBXProject section */
		615B4777615F3E4CA6BB12D6 /* Project object */ = {
			isa = PBXProject;
			attributes = {
			};
			buildConfigurationList = 615B4F68AA98A201D9C4FD0F /* Build configuration list for PBXProject "Kolsai" */;
			compatibilityVersion = "Xcode 3.2";
			developmentRegion = English;
			hasScannedForEncodings = 0;
			knownRegions = (
				English,
				en,
				Base,
			);
			mainGroup = 615B47AED387DEADE37162D9;
			productRefGroup = 615B4A5DA28AE60940422F66 /* Products */;
			projectDirPath = "";
			projectRoot = "";
			targets = (
				615B487D562D07A6F1E67277 /* Kolsai */,
			);
		};
/* End PBXProject section */

/* Begin PBXResourcesBuildPhase section */
		615B48A9AC0895C57D66C360 /* Resources */ = {
			isa = PBXResourcesBuildPhase;
			buildActionMask = 2147483647;
			files = (
				615B47525D5D76206E99028B /* LaunchScreen.storyboard in Resources */,
				615B4EF80BB4F85B1D0F4E74 /* Assets.xcassets in Resources */,
			);
			runOnlyForDeploymentPostprocessing = 0;
		};
/* End PBXResourcesBuildPhase section */

/* Begin PBXSourcesBuildPhase section */
		615B48DA4D55DFE050570F45 /* Sources */ = {
			isa = PBXSourcesBuildPhase;
			buildActionMask = 2147483647;
			files = (
				615B44FA4E8D1544F91D4DFC /* MainTabBarVC.swift in Sources */,
				615B4BD49FD88041833CDCDA /* AppDelegate.swift in Sources */,
				615B4D72BEF66EC4A097A33F /* SceneDelegate.swift in Sources */,
				615B4294512A10B3F407FA76 /* FeedViewController.swift in Sources */,
				615B4CC305CB1C363A7AC597 /* JobsAndStydiesViewController.swift in Sources */,
				615B4314D6214273167E210B /* LikesViewController.swift in Sources */,
				615B4934EB020480481A7F2D /* ProfileViewController.swift in Sources */,
				615B4055D56129D16F69C1C0 /* QAChatViewController.swift in Sources */,
			);
			runOnlyForDeploymentPostprocessing = 0;
		};
/* End PBXSourcesBuildPhase section */

/* Begin PBXVariantGroup section */
		615B4D0E54C883BEC742631C /* LaunchScreen.storyboard */ = {
			isa = PBXVariantGroup;
			children = (
				615B46F00F8A0A6422F46CF0 /* Base */,
			);
			name = LaunchScreen.storyboard;
			sourceTree = "<group>";
		};
/* End PBXVariantGroup section */

/* Begin XCBuildConfiguration section */
		615B434C98C9B40666A0E793 /* Release */ = {
			isa = XCBuildConfiguration;
			buildSettings = {
				ASSETCATALOG_COMPILER_APPICON_NAME = AppIcon;
				ASSETCATALOG_COMPILER_GLOBAL_ACCENT_COLOR_NAME = AccentColor;
				CURRENT_PROJECT_VERSION = 1;
				GENERATE_INFOPLIST_FILE = YES;
				INFOPLIST_FILE = "Kolsai/Supporting Files/Info.plist";
				INFOPLIST_KEY_UIApplicationSupportsIndirectInputEvents = YES;
				INFOPLIST_KEY_UILaunchStoryboardName = LaunchScreen;
				INFOPLIST_KEY_UISupportedInterfaceOrientations_iPad = "UIInterfaceOrientationPortrait UIInterfaceOrientationPortraitUpsideDown UIInterfaceOrientationLandscapeLeft UIInterfaceOrientationLandscapeRight";
				INFOPLIST_KEY_UISupportedInterfaceOrientations_iPhone = "UIInterfaceOrientationPortrait UIInterfaceOrientationLandscapeLeft UIInterfaceOrientationLandscapeRight";
				LD_RUNPATH_SEARCH_PATHS = "$(inherited) @executable_path/Frameworks";
				MARKETING_VERSION = 1.0;
				PRODUCT_BUNDLE_IDENTIFIER = Zlmnv.Kolsai;
				PRODUCT_NAME = "$(TARGET_NAME)";
				SWIFT_EMIT_LOC_STRINGS = YES;
				SWIFT_VERSION = 5.0;
				TARGETED_DEVICE_FAMILY = 1;
			};
			name = Release;
		};
		615B4560989AD431DC14EC65 /* Release */ = {
			isa = XCBuildConfiguration;
			buildSettings = {
				ALWAYS_SEARCH_USER_PATHS = NO;
				CLANG_ANALYZER_NONNULL = YES;
				CLANG_ANALYZER_NUMBER_OBJECT_CONVERSION = YES_AGGRESSIVE;
				CLANG_CXX_LANGUAGE_STANDARD = "gnu++17";
				CLANG_ENABLE_MODULES = YES;
				CLANG_ENABLE_OBJC_ARC = YES;
				CLANG_ENABLE_OBJC_WEAK = YES;
				CLANG_WARN_BLOCK_CAPTURE_AUTORELEASING = YES;
				CLANG_WARN_BOOL_CONVERSION = YES;
				CLANG_WARN_COMMA = YES;
				CLANG_WARN_CONSTANT_CONVERSION = YES;
				CLANG_WARN_DEPRECATED_OBJC_IMPLEMENTATIONS = YES;
				CLANG_WARN_DIRECT_OBJC_ISA_USAGE = YES_ERROR;
				CLANG_WARN_DOCUMENTATION_COMMENTS = YES;
				CLANG_WARN_EMPTY_BODY = YES;
				CLANG_WARN_ENUM_CONVERSION = YES;
				CLANG_WARN_INFINITE_RECURSION = YES;
				CLANG_WARN_INT_CONVERSION = YES;
				CLANG_WARN_NON_LITERAL_NULL_CONVERSION = YES;
				CLANG_WARN_OBJC_IMPLICIT_RETAIN_SELF = YES;
				CLANG_WARN_OBJC_LITERAL_CONVERSION = YES;
				CLANG_WARN_OBJC_ROOT_CLASS = YES_ERROR;
				CLANG_WARN_QUOTED_INCLUDE_IN_FRAMEWORK_HEADER = YES;
				CLANG_WARN_RANGE_LOOP_ANALYSIS = YES;
				CLANG_WARN_STRICT_PROTOTYPES = YES;
				CLANG_WARN_SUSPICIOUS_MOVE = YES;
				CLANG_WARN_UNGUARDED_AVAILABILITY = YES_AGGRESSIVE;
				CLANG_WARN_UNREACHABLE_CODE = YES;
				CLANG_WARN__DUPLICATE_METHOD_MATCH = YES;
				COPY_PHASE_STRIP = NO;
				DEBUG_INFORMATION_FORMAT = "dwarf-with-dsym";
				ENABLE_NS_ASSERTIONS = NO;
				ENABLE_STRICT_OBJC_MSGSEND = YES;
				GCC_C_LANGUAGE_STANDARD = gnu11;
				GCC_NO_COMMON_BLOCKS = YES;
				GCC_WARN_64_TO_32_BIT_CONVERSION = YES;
				GCC_WARN_ABOUT_RETURN_TYPE = YES_ERROR;
				GCC_WARN_UNDECLARED_SELECTOR = YES;
				GCC_WARN_UNINITIALIZED_AUTOS = YES_AGGRESSIVE;
				GCC_WARN_UNUSED_FUNCTION = YES;
				GCC_WARN_UNUSED_VARIABLE = YES;
				IPHONEOS_DEPLOYMENT_TARGET = 15.4;
				MTL_ENABLE_DEBUG_INFO = NO;
				MTL_FAST_MATH = YES;
				SDKROOT = iphoneos;
				SWIFT_OPTIMIZATION_LEVEL = "-Owholemodule";
				VALIDATE_PRODUCT = YES;
			};
			name = Release;
		};
		615B4853661AF5BFAB78D157 /* Debug */ = {
			isa = XCBuildConfiguration;
			buildSettings = {
				ALWAYS_SEARCH_USER_PATHS = NO;
				CLANG_ANALYZER_NONNULL = YES;
				CLANG_ANALYZER_NUMBER_OBJECT_CONVERSION = YES_AGGRESSIVE;
				CLANG_CXX_LANGUAGE_STANDARD = "gnu++17";
				CLANG_ENABLE_MODULES = YES;
				CLANG_ENABLE_OBJC_ARC = YES;
				CLANG_ENABLE_OBJC_WEAK = YES;
				CLANG_WARN_BLOCK_CAPTURE_AUTORELEASING = YES;
				CLANG_WARN_BOOL_CONVERSION = YES;
				CLANG_WARN_COMMA = YES;
				CLANG_WARN_CONSTANT_CONVERSION = YES;
				CLANG_WARN_DEPRECATED_OBJC_IMPLEMENTATIONS = YES;
				CLANG_WARN_DIRECT_OBJC_ISA_USAGE = YES_ERROR;
				CLANG_WARN_DOCUMENTATION_COMMENTS = YES;
				CLANG_WARN_EMPTY_BODY = YES;
				CLANG_WARN_ENUM_CONVERSION = YES;
				CLANG_WARN_INFINITE_RECURSION = YES;
				CLANG_WARN_INT_CONVERSION = YES;
				CLANG_WARN_NON_LITERAL_NULL_CONVERSION = YES;
				CLANG_WARN_OBJC_IMPLICIT_RETAIN_SELF = YES;
				CLANG_WARN_OBJC_LITERAL_CONVERSION = YES;
				CLANG_WARN_OBJC_ROOT_CLASS = YES_ERROR;
				CLANG_WARN_QUOTED_INCLUDE_IN_FRAMEWORK_HEADER = YES;
				CLANG_WARN_RANGE_LOOP_ANALYSIS = YES;
				CLANG_WARN_STRICT_PROTOTYPES = YES;
				CLANG_WARN_SUSPICIOUS_MOVE = YES;
				CLANG_WARN_UNGUARDED_AVAILABILITY = YES_AGGRESSIVE;
				CLANG_WARN_UNREACHABLE_CODE = YES;
				CLANG_WARN__DUPLICATE_METHOD_MATCH = YES;
				COPY_PHASE_STRIP = NO;
				DEBUG_INFORMATION_FORMAT = dwarf;
				ENABLE_STRICT_OBJC_MSGSEND = YES;
				ENABLE_TESTABILITY = YES;
				GCC_C_LANGUAGE_STANDARD = gnu11;
				GCC_DYNAMIC_NO_PIC = NO;
				GCC_NO_COMMON_BLOCKS = YES;
				GCC_OPTIMIZATION_LEVEL = 0;
				GCC_PREPROCESSOR_DEFINITIONS = (
					"DEBUG=1",
					"$(inherited)",
				);
				GCC_WARN_64_TO_32_BIT_CONVERSION = YES;
				GCC_WARN_ABOUT_RETURN_TYPE = YES_ERROR;
				GCC_WARN_UNDECLARED_SELECTOR = YES;
				GCC_WARN_UNINITIALIZED_AUTOS = YES_AGGRESSIVE;
				GCC_WARN_UNUSED_FUNCTION = YES;
				GCC_WARN_UNUSED_VARIABLE = YES;
				IPHONEOS_DEPLOYMENT_TARGET = 15.4;
				MTL_ENABLE_DEBUG_INFO = INCLUDE_SOURCE;
				MTL_FAST_MATH = YES;
				ONLY_ACTIVE_ARCH = YES;
				SDKROOT = iphoneos;
				SWIFT_ACTIVE_COMPILATION_CONDITIONS = DEBUG;
				SWIFT_OPTIMIZATION_LEVEL = "-Onone";
			};
			name = Debug;
		};
		615B4F81B45356D31EC46EE9 /* Debug */ = {
			isa = XCBuildConfiguration;
			buildSettings = {
				ASSETCATALOG_COMPILER_APPICON_NAME = AppIcon;
				ASSETCATALOG_COMPILER_GLOBAL_ACCENT_COLOR_NAME = AccentColor;
				CURRENT_PROJECT_VERSION = 1;
				GENERATE_INFOPLIST_FILE = YES;
				INFOPLIST_FILE = "Kolsai/Supporting Files/Info.plist";
				INFOPLIST_KEY_UIApplicationSupportsIndirectInputEvents = YES;
				INFOPLIST_KEY_UILaunchStoryboardName = LaunchScreen;
				INFOPLIST_KEY_UISupportedInterfaceOrientations_iPad = "UIInterfaceOrientationPortrait UIInterfaceOrientationPortraitUpsideDown UIInterfaceOrientationLandscapeLeft UIInterfaceOrientationLandscapeRight";
				INFOPLIST_KEY_UISupportedInterfaceOrientations_iPhone = "UIInterfaceOrientationPortrait UIInterfaceOrientationLandscapeLeft UIInterfaceOrientationLandscapeRight";
				LD_RUNPATH_SEARCH_PATHS = "$(inherited) @executable_path/Frameworks";
				MARKETING_VERSION = 1.0;
				PRODUCT_BUNDLE_IDENTIFIER = Zlmnv.Kolsai;
				PRODUCT_NAME = "$(TARGET_NAME)";
				SWIFT_EMIT_LOC_STRINGS = YES;
				SWIFT_VERSION = 5.0;
				TARGETED_DEVICE_FAMILY = 1;
			};
			name = Debug;
		};
/* End XCBuildConfiguration section */

/* Begin XCConfigurationList section */
		615B42B4F4862D8D825C7EA1 /* Build configuration list for PBXNativeTarget "Kolsai" */ = {
			isa = XCConfigurationList;
			buildConfigurations = (
				615B4F81B45356D31EC46EE9 /* Debug */,
				615B434C98C9B40666A0E793 /* Release */,
			);
			defaultConfigurationIsVisible = 0;
			defaultConfigurationName = Release;
		};
		615B4F68AA98A201D9C4FD0F /* Build configuration list for PBXProject "Kolsai" */ = {
			isa = XCConfigurationList;
			buildConfigurations = (
				615B4853661AF5BFAB78D157 /* Debug */,
				615B4560989AD431DC14EC65 /* Release */,
			);
			defaultConfigurationIsVisible = 0;
			defaultConfigurationName = Release;
		};
/* End XCConfigurationList section */
	};
	rootObject = 615B4777615F3E4CA6BB12D6 /* Project object */;
}
